// !$*UTF8*$!
{
	archiveVersion = 1;
	classes = {
	};
	objectVersion = 56;
	objects = {

/* Begin PBXBuildFile section */
		65B193972B6171FF00295F15 /* MacQueryApp.swift in Sources */ = {isa = PBXBuildFile; fileRef = 65B193962B6171FF00295F15 /* MacQueryApp.swift */; };
		65B193992B6171FF00295F15 /* ContentView.swift in Sources */ = {isa = PBXBuildFile; fileRef = 65B193982B6171FF00295F15 /* ContentView.swift */; };
		65B1939D2B61720200295F15 /* Assets.xcassets in Resources */ = {isa = PBXBuildFile; fileRef = 65B1939C2B61720200295F15 /* Assets.xcassets */; };
		65B193A02B61720200295F15 /* Preview Assets.xcassets in Resources */ = {isa = PBXBuildFile; fileRef = 65B1939F2B61720200295F15 /* Preview Assets.xcassets */; };
		65B193A92B61748000295F15 /* SidebarView.swift in Sources */ = {isa = PBXBuildFile; fileRef = 65B193A82B61748000295F15 /* SidebarView.swift */; };
		65B193AD2B61756900295F15 /* TreeFolderItem.swift in Sources */ = {isa = PBXBuildFile; fileRef = 65B193AC2B61756900295F15 /* TreeFolderItem.swift */; };
		65B193B62B621A2F00295F15 /* TreeItemView.swift in Sources */ = {isa = PBXBuildFile; fileRef = 65B193B52B621A2F00295F15 /* TreeItemView.swift */; };
		65B193BB2B621AFD00295F15 /* MainViewModel.swift in Sources */ = {isa = PBXBuildFile; fileRef = 65B193BA2B621AFD00295F15 /* MainViewModel.swift */; };
		65B193BF2B62CCEB00295F15 /* CreateNewRequestPopUpView.swift in Sources */ = {isa = PBXBuildFile; fileRef = 65B193BE2B62CCEB00295F15 /* CreateNewRequestPopUpView.swift */; };
		65B193C12B635A6D00295F15 /* DetailRequestView.swift in Sources */ = {isa = PBXBuildFile; fileRef = 65B193C02B635A6D00295F15 /* DetailRequestView.swift */; };
		65B193C42B636B3500295F15 /* SplitView in Frameworks */ = {isa = PBXBuildFile; productRef = 65B193C32B636B3500295F15 /* SplitView */; };
		65B193C72B636E2900295F15 /* RequestTypeMethod.swift in Sources */ = {isa = PBXBuildFile; fileRef = 65B193C62B636E2800295F15 /* RequestTypeMethod.swift */; };
		65B193CA2B637F8D00295F15 /* ActivityIndicator.swift in Sources */ = {isa = PBXBuildFile; fileRef = 65B193C92B637F8D00295F15 /* ActivityIndicator.swift */; };
		65B193CD2B6380E100295F15 /* RequestSendingManager.swift in Sources */ = {isa = PBXBuildFile; fileRef = 65B193CC2B6380E100295F15 /* RequestSendingManager.swift */; };
		65B193D02B63811900295F15 /* Alamofire in Frameworks */ = {isa = PBXBuildFile; productRef = 65B193CF2B63811900295F15 /* Alamofire */; };
/* End PBXBuildFile section */

/* Begin PBXFileReference section */
		65B193932B6171FF00295F15 /* MacQuery.app */ = {isa = PBXFileReference; explicitFileType = wrapper.application; includeInIndex = 0; path = MacQuery.app; sourceTree = BUILT_PRODUCTS_DIR; };
		65B193962B6171FF00295F15 /* MacQueryApp.swift */ = {isa = PBXFileReference; lastKnownFileType = sourcecode.swift; path = MacQueryApp.swift; sourceTree = "<group>"; };
		65B193982B6171FF00295F15 /* ContentView.swift */ = {isa = PBXFileReference; lastKnownFileType = sourcecode.swift; path = ContentView.swift; sourceTree = "<group>"; };
		65B1939C2B61720200295F15 /* Assets.xcassets */ = {isa = PBXFileReference; lastKnownFileType = folder.assetcatalog; path = Assets.xcassets; sourceTree = "<group>"; };
		65B1939F2B61720200295F15 /* Preview Assets.xcassets */ = {isa = PBXFileReference; lastKnownFileType = folder.assetcatalog; path = "Preview Assets.xcassets"; sourceTree = "<group>"; };
		65B193A12B61720200295F15 /* MacQuery.entitlements */ = {isa = PBXFileReference; lastKnownFileType = text.plist.entitlements; path = MacQuery.entitlements; sourceTree = "<group>"; };
		65B193A82B61748000295F15 /* SidebarView.swift */ = {isa = PBXFileReference; lastKnownFileType = sourcecode.swift; path = SidebarView.swift; sourceTree = "<group>"; };
		65B193AC2B61756900295F15 /* TreeFolderItem.swift */ = {isa = PBXFileReference; lastKnownFileType = sourcecode.swift; path = TreeFolderItem.swift; sourceTree = "<group>"; };
		65B193B52B621A2F00295F15 /* TreeItemView.swift */ = {isa = PBXFileReference; lastKnownFileType = sourcecode.swift; path = TreeItemView.swift; sourceTree = "<group>"; };
		65B193BA2B621AFD00295F15 /* MainViewModel.swift */ = {isa = PBXFileReference; lastKnownFileType = sourcecode.swift; path = MainViewModel.swift; sourceTree = "<group>"; };
		65B193BE2B62CCEB00295F15 /* CreateNewRequestPopUpView.swift */ = {isa = PBXFileReference; lastKnownFileType = sourcecode.swift; path = CreateNewRequestPopUpView.swift; sourceTree = "<group>"; };
		65B193C02B635A6D00295F15 /* DetailRequestView.swift */ = {isa = PBXFileReference; lastKnownFileType = sourcecode.swift; path = DetailRequestView.swift; sourceTree = "<group>"; };
		65B193C62B636E2800295F15 /* RequestTypeMethod.swift */ = {isa = PBXFileReference; lastKnownFileType = sourcecode.swift; path = RequestTypeMethod.swift; sourceTree = "<group>"; };
		65B193C92B637F8D00295F15 /* ActivityIndicator.swift */ = {isa = PBXFileReference; lastKnownFileType = sourcecode.swift; path = ActivityIndicator.swift; sourceTree = "<group>"; };
		65B193CC2B6380E100295F15 /* RequestSendingManager.swift */ = {isa = PBXFileReference; lastKnownFileType = sourcecode.swift; path = RequestSendingManager.swift; sourceTree = "<group>"; };
/* End PBXFileReference section */

/* Begin PBXFrameworksBuildPhase section */
		65B193902B6171FF00295F15 /* Frameworks */ = {
			isa = PBXFrameworksBuildPhase;
			buildActionMask = 2147483647;
			files = (
				65B193C42B636B3500295F15 /* SplitView in Frameworks */,
				65B193D02B63811900295F15 /* Alamofire in Frameworks */,
			);
			runOnlyForDeploymentPostprocessing = 0;
		};
/* End PBXFrameworksBuildPhase section */

/* Begin PBXGroup section */
		65B1938A2B6171FF00295F15 = {
			isa = PBXGroup;
			children = (
				65B193952B6171FF00295F15 /* MacQuery */,
				65B193942B6171FF00295F15 /* Products */,
			);
			sourceTree = "<group>";
		};
		65B193942B6171FF00295F15 /* Products */ = {
			isa = PBXGroup;
			children = (
				65B193932B6171FF00295F15 /* MacQuery.app */,
			);
			name = Products;
			sourceTree = "<group>";
		};
		65B193952B6171FF00295F15 /* MacQuery */ = {
			isa = PBXGroup;
			children = (
				65B193CB2B6380CF00295F15 /* RequestSendingManager */,
				65B193C82B637F7A00295F15 /* Components */,
				65B193B72B621AD800295F15 /* MainModule */,
				65B193A72B61745500295F15 /* SidebarModule */,
				65B193C52B636E1700295F15 /* Enums */,
				65B193AB2B61752F00295F15 /* Models */,
				65B193962B6171FF00295F15 /* MacQueryApp.swift */,
				65B1939C2B61720200295F15 /* Assets.xcassets */,
				65B193A12B61720200295F15 /* MacQuery.entitlements */,
				65B1939E2B61720200295F15 /* Preview Content */,
			);
			path = MacQuery;
			sourceTree = "<group>";
		};
		65B1939E2B61720200295F15 /* Preview Content */ = {
			isa = PBXGroup;
			children = (
				65B1939F2B61720200295F15 /* Preview Assets.xcassets */,
			);
			path = "Preview Content";
			sourceTree = "<group>";
		};
		65B193A72B61745500295F15 /* SidebarModule */ = {
			isa = PBXGroup;
			children = (
				65B193AA2B61752200295F15 /* Views */,
			);
			path = SidebarModule;
			sourceTree = "<group>";
		};
		65B193AA2B61752200295F15 /* Views */ = {
			isa = PBXGroup;
			children = (
				65B193A82B61748000295F15 /* SidebarView.swift */,
				65B193B52B621A2F00295F15 /* TreeItemView.swift */,
			);
			path = Views;
			sourceTree = "<group>";
		};
		65B193AB2B61752F00295F15 /* Models */ = {
			isa = PBXGroup;
			children = (
				65B193AE2B6175D700295F15 /* FolderItemModels */,
			);
			path = Models;
			sourceTree = "<group>";
		};
		65B193AE2B6175D700295F15 /* FolderItemModels */ = {
			isa = PBXGroup;
			children = (
				65B193AC2B61756900295F15 /* TreeFolderItem.swift */,
			);
			path = FolderItemModels;
			sourceTree = "<group>";
		};
		65B193B72B621AD800295F15 /* MainModule */ = {
			isa = PBXGroup;
			children = (
				65B193B92B621AEA00295F15 /* ViewModels */,
				65B193B82B621AE300295F15 /* Views */,
			);
			path = MainModule;
			sourceTree = "<group>";
		};
		65B193B82B621AE300295F15 /* Views */ = {
			isa = PBXGroup;
			children = (
				65B193982B6171FF00295F15 /* ContentView.swift */,
				65B193BE2B62CCEB00295F15 /* CreateNewRequestPopUpView.swift */,
				65B193C02B635A6D00295F15 /* DetailRequestView.swift */,
			);
			path = Views;
			sourceTree = "<group>";
		};
		65B193B92B621AEA00295F15 /* ViewModels */ = {
			isa = PBXGroup;
			children = (
				65B193BA2B621AFD00295F15 /* MainViewModel.swift */,
			);
			path = ViewModels;
			sourceTree = "<group>";
		};
		65B193C52B636E1700295F15 /* Enums */ = {
			isa = PBXGroup;
			children = (
				65B193C62B636E2800295F15 /* RequestTypeMethod.swift */,
			);
			path = Enums;
			sourceTree = "<group>";
		};
		65B193C82B637F7A00295F15 /* Components */ = {
			isa = PBXGroup;
			children = (
				65B193C92B637F8D00295F15 /* ActivityIndicator.swift */,
			);
			path = Components;
			sourceTree = "<group>";
		};
		65B193CB2B6380CF00295F15 /* RequestSendingManager */ = {
			isa = PBXGroup;
			children = (
				65B193CC2B6380E100295F15 /* RequestSendingManager.swift */,
			);
			path = RequestSendingManager;
			sourceTree = "<group>";
		};
/* End PBXGroup section */

/* Begin PBXNativeTarget section */
		65B193922B6171FF00295F15 /* MacQuery */ = {
			isa = PBXNativeTarget;
			buildConfigurationList = 65B193A42B61720200295F15 /* Build configuration list for PBXNativeTarget "MacQuery" */;
			buildPhases = (
				65B1938F2B6171FF00295F15 /* Sources */,
				65B193902B6171FF00295F15 /* Frameworks */,
				65B193912B6171FF00295F15 /* Resources */,
			);
			buildRules = (
			);
			dependencies = (
			);
			name = MacQuery;
			packageProductDependencies = (
				65B193C32B636B3500295F15 /* SplitView */,
				65B193CF2B63811900295F15 /* Alamofire */,
			);
			productName = MacQuery;
			productReference = 65B193932B6171FF00295F15 /* MacQuery.app */;
			productType = "com.apple.product-type.application";
		};
/* End PBXNativeTarget section */

/* Begin PBXProject section */
		65B1938B2B6171FF00295F15 /* Project object */ = {
			isa = PBXProject;
			attributes = {
				BuildIndependentTargetsInParallel = 1;
				LastSwiftUpdateCheck = 1500;
				LastUpgradeCheck = 1500;
				TargetAttributes = {
					65B193922B6171FF00295F15 = {
						CreatedOnToolsVersion = 15.0;
					};
				};
			};
			buildConfigurationList = 65B1938E2B6171FF00295F15 /* Build configuration list for PBXProject "MacQuery" */;
			compatibilityVersion = "Xcode 14.0";
			developmentRegion = en;
			hasScannedForEncodings = 0;
			knownRegions = (
				en,
				Base,
			);
			mainGroup = 65B1938A2B6171FF00295F15;
			packageReferences = (
				65B193C22B636B3500295F15 /* XCRemoteSwiftPackageReference "SplitView" */,
				65B193CE2B63811900295F15 /* XCRemoteSwiftPackageReference "Alamofire" */,
			);
			productRefGroup = 65B193942B6171FF00295F15 /* Products */;
			projectDirPath = "";
			projectRoot = "";
			targets = (
				65B193922B6171FF00295F15 /* MacQuery */,
			);
		};
/* End PBXProject section */

/* Begin PBXResourcesBuildPhase section */
		65B193912B6171FF00295F15 /* Resources */ = {
			isa = PBXResourcesBuildPhase;
			buildActionMask = 2147483647;
			files = (
				65B193A02B61720200295F15 /* Preview Assets.xcassets in Resources */,
				65B1939D2B61720200295F15 /* Assets.xcassets in Resources */,
			);
			runOnlyForDeploymentPostprocessing = 0;
		};
/* End PBXResourcesBuildPhase section */

/* Begin PBXSourcesBuildPhase section */
		65B1938F2B6171FF00295F15 /* Sources */ = {
			isa = PBXSourcesBuildPhase;
			buildActionMask = 2147483647;
			files = (
				65B193BF2B62CCEB00295F15 /* CreateNewRequestPopUpView.swift in Sources */,
				65B193CD2B6380E100295F15 /* RequestSendingManager.swift in Sources */,
				65B193C12B635A6D00295F15 /* DetailRequestView.swift in Sources */,
				65B193AD2B61756900295F15 /* TreeFolderItem.swift in Sources */,
				65B193992B6171FF00295F15 /* ContentView.swift in Sources */,
				65B193A92B61748000295F15 /* SidebarView.swift in Sources */,
				65B193972B6171FF00295F15 /* MacQueryApp.swift in Sources */,
				65B193CA2B637F8D00295F15 /* ActivityIndicator.swift in Sources */,
				65B193B62B621A2F00295F15 /* TreeItemView.swift in Sources */,
				65B193C72B636E2900295F15 /* RequestTypeMethod.swift in Sources */,
				65B193BB2B621AFD00295F15 /* MainViewModel.swift in Sources */,
			);
			runOnlyForDeploymentPostprocessing = 0;
		};
/* End PBXSourcesBuildPhase section */

/* Begin XCBuildConfiguration section */
		65B193A22B61720200295F15 /* Debug */ = {
			isa = XCBuildConfiguration;
			buildSettings = {
				ALWAYS_SEARCH_USER_PATHS = NO;
				ASSETCATALOG_COMPILER_GENERATE_SWIFT_ASSET_SYMBOL_EXTENSIONS = YES;
				CLANG_ANALYZER_NONNULL = YES;
				CLANG_ANALYZER_NUMBER_OBJECT_CONVERSION = YES_AGGRESSIVE;
				CLANG_CXX_LANGUAGE_STANDARD = "gnu++20";
				CLANG_ENABLE_MODULES = YES;
				CLANG_ENABLE_OBJC_ARC = YES;
				CLANG_ENABLE_OBJC_WEAK = YES;
				CLANG_WARN_BLOCK_CAPTURE_AUTORELEASING = YES;
				CLANG_WARN_BOOL_CONVERSION = YES;
				CLANG_WARN_COMMA = YES;
				CLANG_WARN_CONSTANT_CONVERSION = YES;
				CLANG_WARN_DEPRECATED_OBJC_IMPLEMENTATIONS = YES;
				CLANG_WARN_DIRECT_OBJC_ISA_USAGE = YES_ERROR;
				CLANG_WARN_DOCUMENTATION_COMMENTS = YES;
				CLANG_WARN_EMPTY_BODY = YES;
				CLANG_WARN_ENUM_CONVERSION = YES;
				CLANG_WARN_INFINITE_RECURSION = YES;
				CLANG_WARN_INT_CONVERSION = YES;
				CLANG_WARN_NON_LITERAL_NULL_CONVERSION = YES;
				CLANG_WARN_OBJC_IMPLICIT_RETAIN_SELF = YES;
				CLANG_WARN_OBJC_LITERAL_CONVERSION = YES;
				CLANG_WARN_OBJC_ROOT_CLASS = YES_ERROR;
				CLANG_WARN_QUOTED_INCLUDE_IN_FRAMEWORK_HEADER = YES;
				CLANG_WARN_RANGE_LOOP_ANALYSIS = YES;
				CLANG_WARN_STRICT_PROTOTYPES = YES;
				CLANG_WARN_SUSPICIOUS_MOVE = YES;
				CLANG_WARN_UNGUARDED_AVAILABILITY = YES_AGGRESSIVE;
				CLANG_WARN_UNREACHABLE_CODE = YES;
				CLANG_WARN__DUPLICATE_METHOD_MATCH = YES;
				COPY_PHASE_STRIP = NO;
				DEBUG_INFORMATION_FORMAT = dwarf;
				ENABLE_STRICT_OBJC_MSGSEND = YES;
				ENABLE_TESTABILITY = YES;
				ENABLE_USER_SCRIPT_SANDBOXING = YES;
				GCC_C_LANGUAGE_STANDARD = gnu17;
				GCC_DYNAMIC_NO_PIC = NO;
				GCC_NO_COMMON_BLOCKS = YES;
				GCC_OPTIMIZATION_LEVEL = 0;
				GCC_PREPROCESSOR_DEFINITIONS = (
					"DEBUG=1",
					"$(inherited)",
				);
				GCC_WARN_64_TO_32_BIT_CONVERSION = YES;
				GCC_WARN_ABOUT_RETURN_TYPE = YES_ERROR;
				GCC_WARN_UNDECLARED_SELECTOR = YES;
				GCC_WARN_UNINITIALIZED_AUTOS = YES_AGGRESSIVE;
				GCC_WARN_UNUSED_FUNCTION = YES;
				GCC_WARN_UNUSED_VARIABLE = YES;
				LOCALIZATION_PREFERS_STRING_CATALOGS = YES;
				MACOSX_DEPLOYMENT_TARGET = 14.0;
				MTL_ENABLE_DEBUG_INFO = INCLUDE_SOURCE;
				MTL_FAST_MATH = YES;
				ONLY_ACTIVE_ARCH = YES;
				SDKROOT = macosx;
				SWIFT_ACTIVE_COMPILATION_CONDITIONS = "DEBUG $(inherited)";
				SWIFT_OPTIMIZATION_LEVEL = "-Onone";
			};
			name = Debug;
		};
		65B193A32B61720200295F15 /* Release */ = {
			isa = XCBuildConfiguration;
			buildSettings = {
				ALWAYS_SEARCH_USER_PATHS = NO;
				ASSETCATALOG_COMPILER_GENERATE_SWIFT_ASSET_SYMBOL_EXTENSIONS = YES;
				CLANG_ANALYZER_NONNULL = YES;
				CLANG_ANALYZER_NUMBER_OBJECT_CONVERSION = YES_AGGRESSIVE;
				CLANG_CXX_LANGUAGE_STANDARD = "gnu++20";
				CLANG_ENABLE_MODULES = YES;
				CLANG_ENABLE_OBJC_ARC = YES;
				CLANG_ENABLE_OBJC_WEAK = YES;
				CLANG_WARN_BLOCK_CAPTURE_AUTORELEASING = YES;
				CLANG_WARN_BOOL_CONVERSION = YES;
				CLANG_WARN_COMMA = YES;
				CLANG_WARN_CONSTANT_CONVERSION = YES;
				CLANG_WARN_DEPRECATED_OBJC_IMPLEMENTATIONS = YES;
				CLANG_WARN_DIRECT_OBJC_ISA_USAGE = YES_ERROR;
				CLANG_WARN_DOCUMENTATION_COMMENTS = YES;
				CLANG_WARN_EMPTY_BODY = YES;
				CLANG_WARN_ENUM_CONVERSION = YES;
				CLANG_WARN_INFINITE_RECURSION = YES;
				CLANG_WARN_INT_CONVERSION = YES;
				CLANG_WARN_NON_LITERAL_NULL_CONVERSION = YES;
				CLANG_WARN_OBJC_IMPLICIT_RETAIN_SELF = YES;
				CLANG_WARN_OBJC_LITERAL_CONVERSION = YES;
				CLANG_WARN_OBJC_ROOT_CLASS = YES_ERROR;
				CLANG_WARN_QUOTED_INCLUDE_IN_FRAMEWORK_HEADER = YES;
				CLANG_WARN_RANGE_LOOP_ANALYSIS = YES;
				CLANG_WARN_STRICT_PROTOTYPES = YES;
				CLANG_WARN_SUSPICIOUS_MOVE = YES;
				CLANG_WARN_UNGUARDED_AVAILABILITY = YES_AGGRESSIVE;
				CLANG_WARN_UNREACHABLE_CODE = YES;
				CLANG_WARN__DUPLICATE_METHOD_MATCH = YES;
				COPY_PHASE_STRIP = NO;
				DEBUG_INFORMATION_FORMAT = "dwarf-with-dsym";
				ENABLE_NS_ASSERTIONS = NO;
				ENABLE_STRICT_OBJC_MSGSEND = YES;
				ENABLE_USER_SCRIPT_SANDBOXING = YES;
				GCC_C_LANGUAGE_STANDARD = gnu17;
				GCC_NO_COMMON_BLOCKS = YES;
				GCC_WARN_64_TO_32_BIT_CONVERSION = YES;
				GCC_WARN_ABOUT_RETURN_TYPE = YES_ERROR;
				GCC_WARN_UNDECLARED_SELECTOR = YES;
				GCC_WARN_UNINITIALIZED_AUTOS = YES_AGGRESSIVE;
				GCC_WARN_UNUSED_FUNCTION = YES;
				GCC_WARN_UNUSED_VARIABLE = YES;
				LOCALIZATION_PREFERS_STRING_CATALOGS = YES;
				MACOSX_DEPLOYMENT_TARGET = 14.0;
				MTL_ENABLE_DEBUG_INFO = NO;
				MTL_FAST_MATH = YES;
				SDKROOT = macosx;
				SWIFT_COMPILATION_MODE = wholemodule;
			};
			name = Release;
		};
		65B193A52B61720200295F15 /* Debug */ = {
			isa = XCBuildConfiguration;
			buildSettings = {
				ASSETCATALOG_COMPILER_APPICON_NAME = AppIcon;
				ASSETCATALOG_COMPILER_GLOBAL_ACCENT_COLOR_NAME = AccentColor;
				CODE_SIGN_ENTITLEMENTS = MacQuery/MacQuery.entitlements;
				CODE_SIGN_STYLE = Automatic;
				COMBINE_HIDPI_IMAGES = YES;
				CURRENT_PROJECT_VERSION = 1;
				DEVELOPMENT_ASSET_PATHS = "\"MacQuery/Preview Content\"";
				DEVELOPMENT_TEAM = Y67XYRV445;
				ENABLE_HARDENED_RUNTIME = YES;
				ENABLE_PREVIEWS = YES;
				GENERATE_INFOPLIST_FILE = YES;
				INFOPLIST_KEY_NSHumanReadableCopyright = "";
				LD_RUNPATH_SEARCH_PATHS = (
					"$(inherited)",
					"@executable_path/../Frameworks",
				);
				MACOSX_DEPLOYMENT_TARGET = 14.0;
				MARKETING_VERSION = 1.0;
				PRODUCT_BUNDLE_IDENTIFIER = com.artemsolovev.MacQuery;
				PRODUCT_NAME = "$(TARGET_NAME)";
				SWIFT_EMIT_LOC_STRINGS = YES;
				SWIFT_VERSION = 5.0;
			};
			name = Debug;
		};
		65B193A62B61720200295F15 /* Release */ = {
			isa = XCBuildConfiguration;
			buildSettings = {
				ASSETCATALOG_COMPILER_APPICON_NAME = AppIcon;
				ASSETCATALOG_COMPILER_GLOBAL_ACCENT_COLOR_NAME = AccentColor;
				CODE_SIGN_ENTITLEMENTS = MacQuery/MacQuery.entitlements;
				CODE_SIGN_STYLE = Automatic;
				COMBINE_HIDPI_IMAGES = YES;
				CURRENT_PROJECT_VERSION = 1;
				DEVELOPMENT_ASSET_PATHS = "\"MacQuery/Preview Content\"";
				DEVELOPMENT_TEAM = Y67XYRV445;
				ENABLE_HARDENED_RUNTIME = YES;
				ENABLE_PREVIEWS = YES;
				GENERATE_INFOPLIST_FILE = YES;
				INFOPLIST_KEY_NSHumanReadableCopyright = "";
				LD_RUNPATH_SEARCH_PATHS = (
					"$(inherited)",
					"@executable_path/../Frameworks",
				);
				MACOSX_DEPLOYMENT_TARGET = 14.0;
				MARKETING_VERSION = 1.0;
				PRODUCT_BUNDLE_IDENTIFIER = com.artemsolovev.MacQuery;
				PRODUCT_NAME = "$(TARGET_NAME)";
				SWIFT_EMIT_LOC_STRINGS = YES;
				SWIFT_VERSION = 5.0;
			};
			name = Release;
		};
/* End XCBuildConfiguration section */

/* Begin XCConfigurationList section */
		65B1938E2B6171FF00295F15 /* Build configuration list for PBXProject "MacQuery" */ = {
			isa = XCConfigurationList;
			buildConfigurations = (
				65B193A22B61720200295F15 /* Debug */,
				65B193A32B61720200295F15 /* Release */,
			);
			defaultConfigurationIsVisible = 0;
			defaultConfigurationName = Release;
		};
		65B193A42B61720200295F15 /* Build configuration list for PBXNativeTarget "MacQuery" */ = {
			isa = XCConfigurationList;
			buildConfigurations = (
				65B193A52B61720200295F15 /* Debug */,
				65B193A62B61720200295F15 /* Release */,
			);
			defaultConfigurationIsVisible = 0;
			defaultConfigurationName = Release;
		};
/* End XCConfigurationList section */

/* Begin XCRemoteSwiftPackageReference section */
		65B193C22B636B3500295F15 /* XCRemoteSwiftPackageReference "SplitView" */ = {
			isa = XCRemoteSwiftPackageReference;
			repositoryURL = "https://github.com/stevengharris/SplitView";
			requirement = {
				kind = upToNextMajorVersion;
				minimumVersion = 3.5.0;
			};
		};
		65B193CE2B63811900295F15 /* XCRemoteSwiftPackageReference "Alamofire" */ = {
			isa = XCRemoteSwiftPackageReference;
			repositoryURL = "https://github.com/Alamofire/Alamofire.git";
			requirement = {
				kind = upToNextMajorVersion;
				minimumVersion = 5.8.1;
			};
		};
/* End XCRemoteSwiftPackageReference section */

/* Begin XCSwiftPackageProductDependency section */
		65B193C32B636B3500295F15 /* SplitView */ = {
			isa = XCSwiftPackageProductDependency;
			package = 65B193C22B636B3500295F15 /* XCRemoteSwiftPackageReference "SplitView" */;
			productName = SplitView;
		};
		65B193CF2B63811900295F15 /* Alamofire */ = {
			isa = XCSwiftPackageProductDependency;
			package = 65B193CE2B63811900295F15 /* XCRemoteSwiftPackageReference "Alamofire" */;
			productName = Alamofire;
		};
/* End XCSwiftPackageProductDependency section */
	};
	rootObject = 65B1938B2B6171FF00295F15 /* Project object */;
}
